<?xml version="1.0" encoding="utf-8"?>
<Project ToolsVersion="4.0" xmlns="http://schemas.microsoft.com/developer/msbuild/2003">
  <ItemGroup>
    <Filter Include="Source Files">
      <UniqueIdentifier>{4FC737F1-C7A5-4376-A066-2A32D752A2FF}</UniqueIdentifier>
      <Extensions>cpp;c;cc;cxx;c++;cppm;ixx;def;odl;idl;hpj;bat;asm;asmx</Extensions>
    </Filter>
    <Filter Include="Header Files">
      <UniqueIdentifier>{93995380-89BD-4b04-88EB-625FBE52EBFB}</UniqueIdentifier>
      <Extensions>h;hh;hpp;hxx;h++;hm;inl;inc;ipp;xsd</Extensions>
    </Filter>
    <Filter Include="Resource Files">
      <UniqueIdentifier>{67DA6AB6-F800-4c08-8B7A-83BB121AAD01}</UniqueIdentifier>
      <Extensions>rc;ico;cur;bmp;dlg;rc2;rct;bin;rgs;gif;jpg;jpeg;jpe;resx;tiff;tif;png;wav;mfcribbon-ms</Extensions>
    </Filter>
    <Filter Include="Source Files\core">
      <UniqueIdentifier>{3a9f9e62-3984-4293-8ce1-ee66f5104609}</UniqueIdentifier>
    </Filter>
    <Filter Include="Source Files\tools">
      <UniqueIdentifier>{e46e7042-6f98-4ca5-ba51-843ee0316d0c}</UniqueIdentifier>
    </Filter>
    <Filter Include="Source Files\ui">
      <UniqueIdentifier>{bae23edc-084f-4fd3-86e0-ed41ecc29aa5}</UniqueIdentifier>
    </Filter>
    <Filter Include="external">
      <UniqueIdentifier>{dcec8f70-1fe1-4c0d-aa2e-39a0a1f19784}</UniqueIdentifier>
    </Filter>
    <Filter Include="external\imgui">
      <UniqueIdentifier>{382e4fa5-3d45-4a3e-a3b1-86b08943ca7a}</UniqueIdentifier>
    </Filter>
    <Filter Include="Header Files\core">
      <UniqueIdentifier>{310c093e-a061-4e1d-a793-f4f790b58061}</UniqueIdentifier>
    </Filter>
    <Filter Include="Header Files\tools">
      <UniqueIdentifier>{d598e7e0-64bc-4c8c-8bf7-e28db4e57334}</UniqueIdentifier>
    </Filter>
    <Filter Include="Header Files\ui">
      <UniqueIdentifier>{1f091001-1aea-4d62-98e4-51580ef52ee4}</UniqueIdentifier>
    </Filter>
    <Filter Include="Header Files\AI">
      <UniqueIdentifier>{19b98cba-efd1-4356-9361-12d33c1060e7}</UniqueIdentifier>
    </Filter>
    <Filter Include="Source Files\AI">
      <UniqueIdentifier>{3a1f13cc-67bf-4017-91a0-6938f0634841}</UniqueIdentifier>
    </Filter>
  </ItemGroup>
  <ItemGroup>
    <ClCompile Include="main.cpp">
      <Filter>Source Files</Filter>
    </ClCompile>
    <ClCompile Include="Application.cpp">
      <Filter>Source Files\core</Filter>
    </ClCompile>
    <ClCompile Include="Canvas.cpp">
      <Filter>Source Files\core</Filter>
    </ClCompile>
    <ClCompile Include="Tool.cpp">
      <Filter>Source Files\tools</Filter>
    </ClCompile>
    <ClCompile Include="BrushTool.cpp">
      <Filter>Source Files\tools</Filter>
    </ClCompile>
    <ClCompile Include="ImGuiLayer.cpp">
      <Filter>Source Files\ui</Filter>
    </ClCompile>
    <ClCompile Include="UndoStack.cpp">
      <Filter>Source Files\core</Filter>
    </ClCompile>
    <ClCompile Include="StrokeUndoCommand.cpp">
      <Filter>Source Files\core</Filter>
    </ClCompile>
    <ClCompile Include="BrushDynamics.cpp">
      <Filter>Source Files\core</Filter>
    </ClCompile>
    <ClCompile Include="DabCompositor.cpp">
      <Filter>Source Files\core</Filter>
    </ClCompile>
    <ClCompile Include="DabScheduler.cpp">
      <Filter>Source Files\core</Filter>
    </ClCompile>
    <ClCompile Include="ParameterInfluence.cpp">
      <Filter>Source Files\core</Filter>
    </ClCompile>
    <ClCompile Include="PathStabilizer.cpp">
      <Filter>Source Files\core</Filter>
    </ClCompile>
    <ClCompile Include="LayerUndoCommands.cpp">
      <Filter>Source Files\core</Filter>
    </ClCompile>
    <ClCompile Include="FileDialogs.cpp">
      <Filter>Source Files\core</Filter>
    </ClCompile>
    <ClCompile Include="RectSelectTool.cpp">
      <Filter>Source Files\tools</Filter>
    </ClCompile>
    <ClCompile Include="SelectionBrushTool.cpp">
      <Filter>Source Files\tools</Filter>
    </ClCompile>
    <ClCompile Include="ClipboardHelper.cpp">
      <Filter>Source Files\core</Filter>
    </ClCompile>
    <ClCompile Include="AssistantController.cpp">
      <Filter>Source Files\AI</Filter>
    </ClCompile>
    <ClCompile Include="SelectionUndoCommand.cpp">
      <Filter>Source Files\core</Filter>
    </ClCompile>
    <ClCompile Include="VectorPenTool.cpp">
      <Filter>Source Files\tools</Filter>
    </ClCompile>
    <ClCompile Include="FreehandSelectTool.cpp">
      <Filter>Source Files\tools</Filter>
    </ClCompile>
    <ClCompile Include="PaintBucketTool.cpp">
      <Filter>Source Files\tools</Filter>
    </ClCompile>
    <ClCompile Include="ShapeTool.cpp">
      <Filter>Source Files\tools</Filter>
    </ClCompile>
    <ClCompile Include="CropTool.cpp">
      <Filter>Source Files\tools</Filter>
    </ClCompile>
    <ClCompile Include="TransformTool.cpp">
      <Filter>Source Files\tools</Filter>
    </ClCompile>
    <ClCompile Include="ColorPickerTool.cpp">
      <Filter>Source Files\tools</Filter>
    </ClCompile>
  </ItemGroup>
  <ItemGroup>
    <Text Include="CMakeLists.txt" />
  </ItemGroup>
  <ItemGroup>
    <ClInclude Include="Application.h">
      <Filter>Header Files\core</Filter>
    </ClInclude>
    <ClInclude Include="Canvas.h">
      <Filter>Header Files\core</Filter>
    </ClInclude>
    <ClInclude Include="Tool.h">
      <Filter>Header Files\tools</Filter>
    </ClInclude>
    <ClInclude Include="BrushTool.h">
      <Filter>Header Files\tools</Filter>
    </ClInclude>
    <ClInclude Include="ImGuiLayer.h">
      <Filter>Header Files\ui</Filter>
    </ClInclude>
    <ClInclude Include="Tile.h">
      <Filter>Header Files\core</Filter>
    </ClInclude>
    <ClInclude Include="TileGrid.h">
      <Filter>Header Files\core</Filter>
    </ClInclude>
    <ClInclude Include="UndoCommand.h">
      <Filter>Header Files\core</Filter>
    </ClInclude>
    <ClInclude Include="UndoStack.h">
      <Filter>Header Files\core</Filter>
    </ClInclude>
    <ClInclude Include="StrokeUndoCommand.h">
      <Filter>Header Files\core</Filter>
    </ClInclude>
    <ClInclude Include="BrushDynamics.h">
      <Filter>Header Files\core</Filter>
    </ClInclude>
    <ClInclude Include="Dab.h">
      <Filter>Header Files\core</Filter>
    </ClInclude>
    <ClInclude Include="DabCompositor.h">
      <Filter>Header Files\core</Filter>
    </ClInclude>
    <ClInclude Include="DabScheduler.h">
      <Filter>Header Files\core</Filter>
    </ClInclude>
    <ClInclude Include="ParameterInfluence.h">
      <Filter>Header Files\core</Filter>
    </ClInclude>
    <ClInclude Include="PathStabilizer.h">
      <Filter>Header Files\core</Filter>
    </ClInclude>
    <ClInclude Include="StrokePoint.h">
      <Filter>Header Files\core</Filter>
    </ClInclude>
    <ClInclude Include="AppState.h">
      <Filter>Header Files\core</Filter>
    </ClInclude>
    <ClInclude Include="LayerUndoCommands.h">
      <Filter>Header Files\core</Filter>
    </ClInclude>
    <ClInclude Include="FileDialogs.h">
      <Filter>Header Files\core</Filter>
    </ClInclude>
    <ClInclude Include="RectSelectTool.h">
      <Filter>Header Files\tools</Filter>
    </ClInclude>
    <ClInclude Include="SelectionBrushTool.h">
      <Filter>Header Files\tools</Filter>
    </ClInclude>
    <ClInclude Include="ClipboardHelper.h">
      <Filter>Header Files\core</Filter>
    </ClInclude>
    <ClInclude Include="AssistantController.h">
      <Filter>Header Files\AI</Filter>
    </ClInclude>
    <ClInclude Include="MockAssistant.h">
      <Filter>Header Files\AI</Filter>
    </ClInclude>
    <ClInclude Include="json.hpp">
      <Filter>Source Files\core</Filter>
    </ClInclude>
    <ClInclude Include="httplib.h">
      <Filter>Source Files\core</Filter>
    </ClInclude>
    <ClInclude Include="LLMAssistant.h">
      <Filter>Header Files\AI</Filter>
    </ClInclude>
    <ClInclude Include="SelectionUndoCommand.h">
      <Filter>Header Files\core</Filter>
    </ClInclude>
    <ClInclude Include="VectorPenTool.h">
      <Filter>Header Files\tools</Filter>
    </ClInclude>
    <ClInclude Include="FreehandSelectTool.h">
      <Filter>Header Files\tools</Filter>
    </ClInclude>
    <ClInclude Include="PaintBucketTool.h">
      <Filter>Header Files\tools</Filter>
    </ClInclude>
    <ClInclude Include="ShapeTool.h">
      <Filter>Header Files\tools</Filter>
    </ClInclude>
    <ClInclude Include="CropTool.h">
      <Filter>Header Files\tools</Filter>
    </ClInclude>
    <ClInclude Include="TransformTool.h">
      <Filter>Header Files\tools</Filter>
    </ClInclude>
    <ClInclude Include="ColorPickerTool.h">
      <Filter>Header Files\tools</Filter>
    </ClInclude>
    <ClInclude Include="StringUtils.h">
      <Filter>Header Files</Filter>
    </ClInclude>
    <ClInclude Include="ConfigManager.h">
      <Filter>Header Files</Filter>
    </ClInclude>
    <ClInclude Include="Base64Codec.h">
      <Filter>Header Files</Filter>
    </ClInclude>
    <ClInclude Include="BlendModeUtils.h">
      <Filter>Header Files</Filter>
    </ClInclude>
    <ClInclude Include="HttpClient.h">
      <Filter>Header Files</Filter>
    </ClInclude>
  </ItemGroup>
  <ItemGroup>
    <None Include="CRITICAL_FIXES_SUMMARY.md" />
    <None Include="REMAINING_SMELLS_ROADMAP.md" />
    <None Include="QUICK_REFERENCE.md" />
    <None Include="COMPLETION_CHECKLIST.md" />
    <None Include="EXECUTIVE_SUMMARY.md" />
    <None Include="INDEX.md" />
  </ItemGroup>
</Project>